
Microsoft Visual Studio Solution File, Format Version 12.00
# Visual Studio 14
VisualStudioVersion = 14.0.23107.0
MinimumVisualStudioVersion = 10.0.40219.1
Project("{FAE04EC0-301F-11D3-BF4B-00C04F79EFBC}") = "Entidades Compartidas", "Entidades Compartidas.csproj", "{635E0F12-F259-4669-946C-BE5299FFD370}"
EndProject
Project("{FAE04EC0-301F-11D3-BF4B-00C04F79EFBC}") = "Persistencia", "..\Persistencia\Persistencia.csproj", "{27568C39-7B8D-4FDA-9ACD-F32ADFEC163B}"
EndProject
Global
	GlobalSection(SolutionConfigurationPlatforms) = preSolution
		Debug|Any CPU = Debug|Any CPU
		Release|Any CPU = Release|Any CPU
	EndGlobalSection
	GlobalSection(ProjectConfigurationPlatforms) = postSolution
		{635E0F12-F259-4669-946C-BE5299FFD370}.Debug|Any CPU.ActiveCfg = Debug|Any CPU
		{635E0F12-F259-4669-946C-BE5299FFD370}.Debug|Any CPU.Build.0 = Debug|Any CPU
		{635E0F12-F259-4669-946C-BE5299FFD370}.Release|Any CPU.ActiveCfg = Release|Any CPU
		{635E0F12-F259-4669-946C-BE5299FFD370}.Release|Any CPU.Build.0 = Release|Any CPU
		{27568C39-7B8D-4FDA-9ACD-F32ADFEC163B}.Debug|Any CPU.ActiveCfg = Debug|Any CPU
		{27568C39-7B8D-4FDA-9ACD-F32ADFEC163B}.Debug|Any CPU.Build.0 = Debug|Any CPU
		{27568C39-7B8D-4FDA-9ACD-F32ADFEC163B}.Release|Any CPU.ActiveCfg = Release|Any CPU
		{27568C39-7B8D-4FDA-9ACD-F32ADFEC163B}.Release|Any CPU.Build.0 = Release|Any CPU
	EndGlobalSection
	GlobalSection(SolutionProperties) = preSolution
		HideSolutionNode = FALSE
	EndGlobalSection
EndGlobal
